
Microsoft Visual Studio Solution File, Format Version 12.00
Project("{F2A71F9B-5D33-465A-A702-920D77279786}") = "Scripts", "Scripts.fsproj", "{BC970177-9D9C-4D5F-A1E1-36917F2D5F77}"
EndProject
Project("{F2A71F9B-5D33-465A-A702-920D77279786}") = "Scripts.Test", "Scripts.Test\Scripts.Test.fsproj", "{BF8A3732-7DA0-4699-875B-151FC52F559D}"
EndProject
Global
	GlobalSection(SolutionConfigurationPlatforms) = preSolution
		Debug|Any CPU = Debug|Any CPU
		Release|Any CPU = Release|Any CPU
	EndGlobalSection
	GlobalSection(ProjectConfigurationPlatforms) = postSolution
		{BC970177-9D9C-4D5F-A1E1-36917F2D5F77}.Debug|Any CPU.ActiveCfg = Debug|Any CPU
		{BC970177-9D9C-4D5F-A1E1-36917F2D5F77}.Debug|Any CPU.Build.0 = Debug|Any CPU
		{BC970177-9D9C-4D5F-A1E1-36917F2D5F77}.Release|Any CPU.ActiveCfg = Release|Any CPU
		{BC970177-9D9C-4D5F-A1E1-36917F2D5F77}.Release|Any CPU.Build.0 = Release|Any CPU
		{BF8A3732-7DA0-4699-875B-151FC52F559D}.Debug|Any CPU.ActiveCfg = Debug|Any CPU
		{BF8A3732-7DA0-4699-875B-151FC52F559D}.Debug|Any CPU.Build.0 = Debug|Any CPU
		{BF8A3732-7DA0-4699-875B-151FC52F559D}.Release|Any CPU.ActiveCfg = Release|Any CPU
		{BF8A3732-7DA0-4699-875B-151FC52F559D}.Release|Any CPU.Build.0 = Release|Any CPU
	EndGlobalSection
EndGlobal
